{
    "_meta": {
        "hash": {
            "sha256": "cafa9c0a713ea2a72a18ee7e0e12ed904f9d08bbbc5ee60e6dc4b02fbe1e80b0"
        },
        "host-environment-markers": {
            "implementation_name": "cpython",
            "implementation_version": "0",
            "os_name": "posix",
            "platform_machine": "x86_64",
            "platform_python_implementation": "CPython",
            "platform_release": "4.10.0-42-generic",
            "platform_system": "Linux",
            "platform_version": "#46~16.04.1-Ubuntu SMP Mon Dec 4 15:57:59 UTC 2017",
            "python_full_version": "2.7.12",
            "python_version": "2.7",
            "sys_platform": "linux2"
        },
        "pipfile-spec": 6,
        "requires": {},
        "sources": [
            {
                "name": "pypi",
                "url": "https://pypi.python.org/simple",
                "verify_ssl": true
            }
        ]
    },
    "default": {
        "click": {
            "hashes": [
                "sha256:29f99fc6125fbc931b758dc053b3114e55c77a6e4c6c3a2674a2dc986016381d",
                "sha256:f15516df478d5a56180fbf80e68f206010e6d160fc39fa508b65e035fd75130b"
            ],
            "version": "==6.7"
        },
        "flask": {
            "hashes": [
                "sha256:7f03bb2c255452444f7265eddb51601806e5447b6f8a2d50bbc77a654a14c118",
                "sha256:93e803cdbe326a61ebd5c5d353959397c85f829bec610d59cb635c9f97d7ca8b"
            ],
            "version": "==0.12"
        },
        "itsdangerous": {
            "hashes": [
                "sha256:cbb3fcf8d3e33df861709ecaf89d9e6629cff0a217bc2848f1b41cd30d360519"
            ],
            "version": "==0.24"
        },
        "jinja2": {
            "hashes": [
                "sha256:a7b7438120dbe76a8e735ef7eba6048eaf4e0b7dbc530e100812f8ec462a4d50",
                "sha256:702a24d992f856fa8d5a7a36db6128198d0c21e1da34448ca236c42e92384825"
            ],
            "version": "==2.9.5"
        },
        "markupsafe": {
            "hashes": [
                "sha256:a4ec1aff59b95a14b45eb2e23761a0179e98319da5a7eb76b56ea8cdc7b871c3"
            ],
            "version": "==0.23"
        },
        "pyparsing": {
            "hashes": [
                "sha256:67101d7acee692962f33dd30b5dce079ff532dd9aa99ff48d52a3dad51d2fe84",
                "sha256:811c3e7b0031021137fc83e051795025fcb98674d07eb8fe922ba4de53d39188",
                "sha256:a27bf672302765ab04ed5c976dd44c55c0702f7a25a5e5e78bc91207d5b07da4",
                "sha256:0fef8411ad305909b1a679471d66f25ef4477f24666598deceb4bb640c2eb6c2",
                "sha256:a00f6e57bf4e2b3d999223d36c14d839f12145d5b1f12126124424e8c43d856e",
                "sha256:a163f9079b84da728e4967e3f36476ed168d86b2fc2f49c6e609125600f9d60b",
                "sha256:4fa446b1c36509e75d883a1a552b51dda9b82bfd914a24ded17ceb5d90b53cc5",
                "sha256:0aa6e8d8c3f9c447a95a33bb04b103ead630121c3f4233e2980348cecf8b69c8"
            ],
            "version": "==2.1.10"
        },
        "werkzeug": {
            "hashes": [
                "sha256:c6f6f89124df0514d886782c658c3e12f2caaa94da34cee3fd82eebf4ebf052b",
                "sha256:455d7798ac263266dbd38d4841f7534dd35ca9c3da4a8df303f8488f38f3bcc0"
            ],
            "version": "==0.11.15"
        }
    },
    "develop": {}
}
